
Microsoft Visual Studio Solution File, Format Version 12.00
# Visual Studio Version 17
VisualStudioVersion = 17.5.33424.131
MinimumVisualStudioVersion = 10.0.40219.1
Project("{FAE04EC0-301F-11D3-BF4B-00C04F79EFBC}") = "Stunts_DOS2Amiga", "Stunts_DOS2Amiga.csproj", "{BB72AA67-B86F-40BE-9456-63803A1F22DD}"
EndProject
Global
	GlobalSection(SolutionConfigurationPlatforms) = preSolution
		Debug|Any CPU = Debug|Any CPU
		Release|Any CPU = Release|Any CPU
	EndGlobalSection
	GlobalSection(ProjectConfigurationPlatforms) = postSolution
		{BB72AA67-B86F-40BE-9456-63803A1F22DD}.Debug|Any CPU.ActiveCfg = Debug|Any CPU
		{BB72AA67-B86F-40BE-9456-63803A1F22DD}.Debug|Any CPU.Build.0 = Debug|Any CPU
		{BB72AA67-B86F-40BE-9456-63803A1F22DD}.Release|Any CPU.ActiveCfg = Release|Any CPU
		{BB72AA67-B86F-40BE-9456-63803A1F22DD}.Release|Any CPU.Build.0 = Release|Any CPU
	EndGlobalSection
	GlobalSection(SolutionProperties) = preSolution
		HideSolutionNode = FALSE
	EndGlobalSection
	GlobalSection(ExtensibilityGlobals) = postSolution
		SolutionGuid = {33EE5252-4A45-453A-AAC5-1F02B700830D}
	EndGlobalSection
EndGlobal
