
Microsoft Visual Studio Solution File, Format Version 12.00
# Visual Studio Version 16
VisualStudioVersion = 16.0.33214.272
MinimumVisualStudioVersion = 10.0.40219.1
Project("{FAE04EC0-301F-11D3-BF4B-00C04F79EFBC}") = "ResConvert", "ResConvert.csproj", "{1A55D867-69F1-4A06-9917-1CC15A90932F}"
EndProject
Global
	GlobalSection(SolutionConfigurationPlatforms) = preSolution
		Debug|Any CPU = Debug|Any CPU
		Release|Any CPU = Release|Any CPU
	EndGlobalSection
	GlobalSection(ProjectConfigurationPlatforms) = postSolution
		{1A55D867-69F1-4A06-9917-1CC15A90932F}.Debug|Any CPU.ActiveCfg = Debug|Any CPU
		{1A55D867-69F1-4A06-9917-1CC15A90932F}.Debug|Any CPU.Build.0 = Debug|Any CPU
		{1A55D867-69F1-4A06-9917-1CC15A90932F}.Release|Any CPU.ActiveCfg = Release|Any CPU
		{1A55D867-69F1-4A06-9917-1CC15A90932F}.Release|Any CPU.Build.0 = Release|Any CPU
	EndGlobalSection
	GlobalSection(SolutionProperties) = preSolution
		HideSolutionNode = FALSE
	EndGlobalSection
	GlobalSection(ExtensibilityGlobals) = postSolution
		SolutionGuid = {4DCB5DCF-C340-4E78-AA3E-E3C8C1D1E9F0}
	EndGlobalSection
EndGlobal
